
Microsoft Visual Studio Solution File, Format Version 12.00
# Visual Studio 15
VisualStudioVersion = 15.0.28010.2016
MinimumVisualStudioVersion = 10.0.40219.1
Project("{FAE04EC0-301F-11D3-BF4B-00C04F79EFBC}") = "GetIt.Android", "GetIt\GetIt.Android\GetIt.Android.csproj", "{10E59864-F671-4291-8B19-92DB08559A9A}"
EndProject
Project("{FAE04EC0-301F-11D3-BF4B-00C04F79EFBC}") = "GetIt", "GetIt\GetIt\GetIt.csproj", "{2371CE29-42E1-42AD-96FB-C8C5BDDC9C6D}"
EndProject
Global
	GlobalSection(SolutionConfigurationPlatforms) = preSolution
		Debug|Any CPU = Debug|Any CPU
		Release|Any CPU = Release|Any CPU
	EndGlobalSection
	GlobalSection(ProjectConfigurationPlatforms) = postSolution
		{10E59864-F671-4291-8B19-92DB08559A9A}.Debug|Any CPU.ActiveCfg = Debug|Any CPU
		{10E59864-F671-4291-8B19-92DB08559A9A}.Debug|Any CPU.Build.0 = Debug|Any CPU
		{10E59864-F671-4291-8B19-92DB08559A9A}.Debug|Any CPU.Deploy.0 = Debug|Any CPU
		{10E59864-F671-4291-8B19-92DB08559A9A}.Release|Any CPU.ActiveCfg = Release|Any CPU
		{10E59864-F671-4291-8B19-92DB08559A9A}.Release|Any CPU.Build.0 = Release|Any CPU
		{10E59864-F671-4291-8B19-92DB08559A9A}.Release|Any CPU.Deploy.0 = Release|Any CPU
		{2371CE29-42E1-42AD-96FB-C8C5BDDC9C6D}.Debug|Any CPU.ActiveCfg = Debug|Any CPU
		{2371CE29-42E1-42AD-96FB-C8C5BDDC9C6D}.Debug|Any CPU.Build.0 = Debug|Any CPU
		{2371CE29-42E1-42AD-96FB-C8C5BDDC9C6D}.Debug|Any CPU.Deploy.0 = Debug|Any CPU
		{2371CE29-42E1-42AD-96FB-C8C5BDDC9C6D}.Release|Any CPU.ActiveCfg = Release|Any CPU
		{2371CE29-42E1-42AD-96FB-C8C5BDDC9C6D}.Release|Any CPU.Build.0 = Release|Any CPU
		{2371CE29-42E1-42AD-96FB-C8C5BDDC9C6D}.Release|Any CPU.Deploy.0 = Release|Any CPU
	EndGlobalSection
	GlobalSection(SolutionProperties) = preSolution
		HideSolutionNode = FALSE
	EndGlobalSection
	GlobalSection(ExtensibilityGlobals) = postSolution
		SolutionGuid = {6EC78AAD-9A6C-452F-8D23-E4DB2B2A86A0}
	EndGlobalSection
EndGlobal
